// !$*UTF8*$!
{
	archiveVersion = 1;
	classes = {
	};
	objectVersion = 50;
	objects = {

/* Begin PBXBuildFile section */
		33C22080236CAC5A00117D41 /* TestPlant.cpp in Sources */ = {isa = PBXBuildFile; fileRef = 33C2207F236CAC5A00117D41 /* TestPlant.cpp */; };
		33C22088236CAD8F00117D41 /* Plant.cpp in Sources */ = {isa = PBXBuildFile; fileRef = 33C22086236CAD8F00117D41 /* Plant.cpp */; };
		33C2208B236CAF3800117D41 /* Tree.cpp in Sources */ = {isa = PBXBuildFile; fileRef = 33C22089236CAF3800117D41 /* Tree.cpp */; };
		33C2208E236CB88C00117D41 /* Grass.cpp in Sources */ = {isa = PBXBuildFile; fileRef = 33C2208C236CB88C00117D41 /* Grass.cpp */; };
/* End PBXBuildFile section */

/* Begin PBXCopyFilesBuildPhase section */
		33C2207A236CAC5A00117D41 /* CopyFiles */ = {
			isa = PBXCopyFilesBuildPhase;
			buildActionMask = 2147483647;
			dstPath = /usr/share/man/man1/;
			dstSubfolderSpec = 0;
			files = (
			);
			runOnlyForDeploymentPostprocessing = 1;
		};
/* End PBXCopyFilesBuildPhase section */

/* Begin PBXFileReference section */
		33C2207C236CAC5A00117D41 /* OOP4LipkinG */ = {isa = PBXFileReference; explicitFileType = "compiled.mach-o.executable"; includeInIndex = 0; path = OOP4LipkinG; sourceTree = BUILT_PRODUCTS_DIR; };
		33C2207F236CAC5A00117D41 /* TestPlant.cpp */ = {isa = PBXFileReference; lastKnownFileType = sourcecode.cpp.cpp; path = TestPlant.cpp; sourceTree = "<group>"; };
		33C22086236CAD8F00117D41 /* Plant.cpp */ = {isa = PBXFileReference; lastKnownFileType = sourcecode.cpp.cpp; path = Plant.cpp; sourceTree = "<group>"; };
		33C22087236CAD8F00117D41 /* Plant.hpp */ = {isa = PBXFileReference; lastKnownFileType = sourcecode.cpp.h; path = Plant.hpp; sourceTree = "<group>"; };
		33C22089236CAF3800117D41 /* Tree.cpp */ = {isa = PBXFileReference; lastKnownFileType = sourcecode.cpp.cpp; path = Tree.cpp; sourceTree = "<group>"; };
		33C2208A236CAF3800117D41 /* Tree.hpp */ = {isa = PBXFileReference; lastKnownFileType = sourcecode.cpp.h; path = Tree.hpp; sourceTree = "<group>"; };
		33C2208C236CB88C00117D41 /* Grass.cpp */ = {isa = PBXFileReference; lastKnownFileType = sourcecode.cpp.cpp; path = Grass.cpp; sourceTree = "<group>"; };
		33C2208D236CB88C00117D41 /* Grass.hpp */ = {isa = PBXFileReference; lastKnownFileType = sourcecode.cpp.h; path = Grass.hpp; sourceTree = "<group>"; };
/* End PBXFileReference section */

/* Begin PBXFrameworksBuildPhase section */
		33C22079236CAC5A00117D41 /* Frameworks */ = {
			isa = PBXFrameworksBuildPhase;
			buildActionMask = 2147483647;
			files = (
			);
			runOnlyForDeploymentPostprocessing = 0;
		};
/* End PBXFrameworksBuildPhase section */

/* Begin PBXGroup section */
		33C22073236CAC5A00117D41 = {
			isa = PBXGroup;
			children = (
				33C2207E236CAC5A00117D41 /* OOP4LipkinG */,
				33C2207D236CAC5A00117D41 /* Products */,
			);
			sourceTree = "<group>";
		};
		33C2207D236CAC5A00117D41 /* Products */ = {
			isa = PBXGroup;
			children = (
				33C2207C236CAC5A00117D41 /* OOP4LipkinG */,
			);
			name = Products;
			sourceTree = "<group>";
		};
		33C2207E236CAC5A00117D41 /* OOP4LipkinG */ = {
			isa = PBXGroup;
			children = (
				33C2207F236CAC5A00117D41 /* TestPlant.cpp */,
				33C22086236CAD8F00117D41 /* Plant.cpp */,
				33C2208C236CB88C00117D41 /* Grass.cpp */,
				33C2208D236CB88C00117D41 /* Grass.hpp */,
				33C22089236CAF3800117D41 /* Tree.cpp */,
				33C2208A236CAF3800117D41 /* Tree.hpp */,
				33C22087236CAD8F00117D41 /* Plant.hpp */,
			);
			path = OOP4LipkinG;
			sourceTree = "<group>";
		};
/* End PBXGroup section */

/* Begin PBXNativeTarget section */
		33C2207B236CAC5A00117D41 /* OOP4LipkinG */ = {
			isa = PBXNativeTarget;
			buildConfigurationList = 33C22083236CAC5A00117D41 /* Build configuration list for PBXNativeTarget "OOP4LipkinG" */;
			buildPhases = (
				33C22078236CAC5A00117D41 /* Sources */,
				33C22079236CAC5A00117D41 /* Frameworks */,
				33C2207A236CAC5A00117D41 /* CopyFiles */,
			);
			buildRules = (
			);
			dependencies = (
			);
			name = OOP4LipkinG;
			productName = OOP4LipkinG;
			productReference = 33C2207C236CAC5A00117D41 /* OOP4LipkinG */;
			productType = "com.apple.product-type.tool";
		};
/* End PBXNativeTarget section */

/* Begin PBXProject section */
		33C22074236CAC5A00117D41 /* Project object */ = {
			isa = PBXProject;
			attributes = {
				LastUpgradeCheck = 1110;
				ORGANIZATIONNAME = "Gus Lipkin";
				TargetAttributes = {
					33C2207B236CAC5A00117D41 = {
						CreatedOnToolsVersion = 11.1;
					};
				};
			};
			buildConfigurationList = 33C22077236CAC5A00117D41 /* Build configuration list for PBXProject "OOP4LipkinG" */;
			compatibilityVersion = "Xcode 9.3";
			developmentRegion = en;
			hasScannedForEncodings = 0;
			knownRegions = (
				en,
				Base,
			);
			mainGroup = 33C22073236CAC5A00117D41;
			productRefGroup = 33C2207D236CAC5A00117D41 /* Products */;
			projectDirPath = "";
			projectRoot = "";
			targets = (
				33C2207B236CAC5A00117D41 /* OOP4LipkinG */,
			);
		};
/* End PBXProject section */

/* Begin PBXSourcesBuildPhase section */
		33C22078236CAC5A00117D41 /* Sources */ = {
			isa = PBXSourcesBuildPhase;
			buildActionMask = 2147483647;
			files = (
				33C2208B236CAF3800117D41 /* Tree.cpp in Sources */,
				33C22080236CAC5A00117D41 /* TestPlant.cpp in Sources */,
				33C2208E236CB88C00117D41 /* Grass.cpp in Sources */,
				33C22088236CAD8F00117D41 /* Plant.cpp in Sources */,
			);
			runOnlyForDeploymentPostprocessing = 0;
		};
/* End PBXSourcesBuildPhase section */

/* Begin XCBuildConfiguration section */
		33C22081236CAC5A00117D41 /* Debug */ = {
			isa = XCBuildConfiguration;
			buildSettings = {
				ALWAYS_SEARCH_USER_PATHS = NO;
				CLANG_ANALYZER_NONNULL = YES;
				CLANG_ANALYZER_NUMBER_OBJECT_CONVERSION = YES_AGGRESSIVE;
				CLANG_CXX_LANGUAGE_STANDARD = "gnu++14";
				CLANG_CXX_LIBRARY = "libc++";
				CLANG_ENABLE_MODULES = YES;
				CLANG_ENABLE_OBJC_ARC = YES;
				CLANG_ENABLE_OBJC_WEAK = YES;
				CLANG_WARN_BLOCK_CAPTURE_AUTORELEASING = YES;
				CLANG_WARN_BOOL_CONVERSION = YES;
				CLANG_WARN_COMMA = YES;
				CLANG_WARN_CONSTANT_CONVERSION = YES;
				CLANG_WARN_DEPRECATED_OBJC_IMPLEMENTATIONS = YES;
				CLANG_WARN_DIRECT_OBJC_ISA_USAGE = YES_ERROR;
				CLANG_WARN_DOCUMENTATION_COMMENTS = YES;
				CLANG_WARN_EMPTY_BODY = YES;
				CLANG_WARN_ENUM_CONVERSION = YES;
				CLANG_WARN_INFINITE_RECURSION = YES;
				CLANG_WARN_INT_CONVERSION = YES;
				CLANG_WARN_NON_LITERAL_NULL_CONVERSION = YES;
				CLANG_WARN_OBJC_IMPLICIT_RETAIN_SELF = YES;
				CLANG_WARN_OBJC_LITERAL_CONVERSION = YES;
				CLANG_WARN_OBJC_ROOT_CLASS = YES_ERROR;
				CLANG_WARN_RANGE_LOOP_ANALYSIS = YES;
				CLANG_WARN_STRICT_PROTOTYPES = YES;
				CLANG_WARN_SUSPICIOUS_MOVE = YES;
				CLANG_WARN_UNGUARDED_AVAILABILITY = YES_AGGRESSIVE;
				CLANG_WARN_UNREACHABLE_CODE = YES;
				CLANG_WARN__DUPLICATE_METHOD_MATCH = YES;
				COPY_PHASE_STRIP = NO;
				DEBUG_INFORMATION_FORMAT = dwarf;
				ENABLE_STRICT_OBJC_MSGSEND = YES;
				ENABLE_TESTABILITY = YES;
				GCC_C_LANGUAGE_STANDARD = gnu11;
				GCC_DYNAMIC_NO_PIC = NO;
				GCC_NO_COMMON_BLOCKS = YES;
				GCC_OPTIMIZATION_LEVEL = 0;
				GCC_PREPROCESSOR_DEFINITIONS = (
					"DEBUG=1",
					"$(inherited)",
				);
				GCC_WARN_64_TO_32_BIT_CONVERSION = YES;
				GCC_WARN_ABOUT_RETURN_TYPE = YES_ERROR;
				GCC_WARN_UNDECLARED_SELECTOR = YES;
				GCC_WARN_UNINITIALIZED_AUTOS = YES_AGGRESSIVE;
				GCC_WARN_UNUSED_FUNCTION = YES;
				GCC_WARN_UNUSED_VARIABLE = YES;
				MACOSX_DEPLOYMENT_TARGET = 10.15;
				MTL_ENABLE_DEBUG_INFO = INCLUDE_SOURCE;
				MTL_FAST_MATH = YES;
				ONLY_ACTIVE_ARCH = YES;
				SDKROOT = macosx;
			};
			name = Debug;
		};
		33C22082236CAC5A00117D41 /* Release */ = {
			isa = XCBuildConfiguration;
			buildSettings = {
				ALWAYS_SEARCH_USER_PATHS = NO;
				CLANG_ANALYZER_NONNULL = YES;
				CLANG_ANALYZER_NUMBER_OBJECT_CONVERSION = YES_AGGRESSIVE;
				CLANG_CXX_LANGUAGE_STANDARD = "gnu++14";
				CLANG_CXX_LIBRARY = "libc++";
				CLANG_ENABLE_MODULES = YES;
				CLANG_ENABLE_OBJC_ARC = YES;
				CLANG_ENABLE_OBJC_WEAK = YES;
				CLANG_WARN_BLOCK_CAPTURE_AUTORELEASING = YES;
				CLANG_WARN_BOOL_CONVERSION = YES;
				CLANG_WARN_COMMA = YES;
				CLANG_WARN_CONSTANT_CONVERSION = YES;
				CLANG_WARN_DEPRECATED_OBJC_IMPLEMENTATIONS = YES;
				CLANG_WARN_DIRECT_OBJC_ISA_USAGE = YES_ERROR;
				CLANG_WARN_DOCUMENTATION_COMMENTS = YES;
				CLANG_WARN_EMPTY_BODY = YES;
				CLANG_WARN_ENUM_CONVERSION = YES;
				CLANG_WARN_INFINITE_RECURSION = YES;
				CLANG_WARN_INT_CONVERSION = YES;
				CLANG_WARN_NON_LITERAL_NULL_CONVERSION = YES;
				CLANG_WARN_OBJC_IMPLICIT_RETAIN_SELF = YES;
				CLANG_WARN_OBJC_LITERAL_CONVERSION = YES;
				CLANG_WARN_OBJC_ROOT_CLASS = YES_ERROR;
				CLANG_WARN_RANGE_LOOP_ANALYSIS = YES;
				CLANG_WARN_STRICT_PROTOTYPES = YES;
				CLANG_WARN_SUSPICIOUS_MOVE = YES;
				CLANG_WARN_UNGUARDED_AVAILABILITY = YES_AGGRESSIVE;
				CLANG_WARN_UNREACHABLE_CODE = YES;
				CLANG_WARN__DUPLICATE_METHOD_MATCH = YES;
				COPY_PHASE_STRIP = NO;
				DEBUG_INFORMATION_FORMAT = "dwarf-with-dsym";
				ENABLE_NS_ASSERTIONS = NO;
				ENABLE_STRICT_OBJC_MSGSEND = YES;
				GCC_C_LANGUAGE_STANDARD = gnu11;
				GCC_NO_COMMON_BLOCKS = YES;
				GCC_WARN_64_TO_32_BIT_CONVERSION = YES;
				GCC_WARN_ABOUT_RETURN_TYPE = YES_ERROR;
				GCC_WARN_UNDECLARED_SELECTOR = YES;
				GCC_WARN_UNINITIALIZED_AUTOS = YES_AGGRESSIVE;
				GCC_WARN_UNUSED_FUNCTION = YES;
				GCC_WARN_UNUSED_VARIABLE = YES;
				MACOSX_DEPLOYMENT_TARGET = 10.15;
				MTL_ENABLE_DEBUG_INFO = NO;
				MTL_FAST_MATH = YES;
				SDKROOT = macosx;
			};
			name = Release;
		};
		33C22084236CAC5A00117D41 /* Debug */ = {
			isa = XCBuildConfiguration;
			buildSettings = {
				CODE_SIGN_STYLE = Automatic;
				PRODUCT_NAME = "$(TARGET_NAME)";
			};
			name = Debug;
		};
		33C22085236CAC5A00117D41 /* Release */ = {
			isa = XCBuildConfiguration;
			buildSettings = {
				CODE_SIGN_STYLE = Automatic;
				PRODUCT_NAME = "$(TARGET_NAME)";
			};
			name = Release;
		};
/* End XCBuildConfiguration section */

/* Begin XCConfigurationList section */
		33C22077236CAC5A00117D41 /* Build configuration list for PBXProject "OOP4LipkinG" */ = {
			isa = XCConfigurationList;
			buildConfigurations = (
				33C22081236CAC5A00117D41 /* Debug */,
				33C22082236CAC5A00117D41 /* Release */,
			);
			defaultConfigurationIsVisible = 0;
			defaultConfigurationName = Release;
		};
		33C22083236CAC5A00117D41 /* Build configuration list for PBXNativeTarget "OOP4LipkinG" */ = {
			isa = XCConfigurationList;
			buildConfigurations = (
				33C22084236CAC5A00117D41 /* Debug */,
				33C22085236CAC5A00117D41 /* Release */,
			);
			defaultConfigurationIsVisible = 0;
			defaultConfigurationName = Release;
		};
/* End XCConfigurationList section */
	};
	rootObject = 33C22074236CAC5A00117D41 /* Project object */;
}
